
Microsoft Visual Studio Solution File, Format Version 12.00
# Visual Studio 2013
VisualStudioVersion = 12.0.40629.0
MinimumVisualStudioVersion = 10.0.40219.1
Project("{8BC9CEB8-8B4A-11D0-8D11-00A0C91BC942}") = "AutoRun_Service_Test", "AutoRun_Service_Test\AutoRun_Service_Test.vcxproj", "{A348AD73-685D-4945-A8E9-982662D552C9}"
EndProject
Project("{8BC9CEB8-8B4A-11D0-8D11-00A0C91BC942}") = "ServiceTest", "ServiceTest\ServiceTest.vcxproj", "{6ED4B104-1CC9-4012-B61E-968CB370E587}"
EndProject
Global
	GlobalSection(SolutionConfigurationPlatforms) = preSolution
		Debug|Win32 = Debug|Win32
		Release|Win32 = Release|Win32
	EndGlobalSection
	GlobalSection(ProjectConfigurationPlatforms) = postSolution
		{A348AD73-685D-4945-A8E9-982662D552C9}.Debug|Win32.ActiveCfg = Debug|Win32
		{A348AD73-685D-4945-A8E9-982662D552C9}.Debug|Win32.Build.0 = Debug|Win32
		{A348AD73-685D-4945-A8E9-982662D552C9}.Release|Win32.ActiveCfg = Release|Win32
		{A348AD73-685D-4945-A8E9-982662D552C9}.Release|Win32.Build.0 = Release|Win32
		{6ED4B104-1CC9-4012-B61E-968CB370E587}.Debug|Win32.ActiveCfg = Debug|Win32
		{6ED4B104-1CC9-4012-B61E-968CB370E587}.Debug|Win32.Build.0 = Debug|Win32
		{6ED4B104-1CC9-4012-B61E-968CB370E587}.Release|Win32.ActiveCfg = Release|Win32
		{6ED4B104-1CC9-4012-B61E-968CB370E587}.Release|Win32.Build.0 = Release|Win32
	EndGlobalSection
	GlobalSection(SolutionProperties) = preSolution
		HideSolutionNode = FALSE
	EndGlobalSection
EndGlobal
