
Microsoft Visual Studio Solution File, Format Version 12.00
# Visual Studio 2013
VisualStudioVersion = 12.0.40629.0
MinimumVisualStudioVersion = 10.0.40219.1
Project("{8BC9CEB8-8B4A-11D0-8D11-00A0C91BC942}") = "FTP_Download_Test", "FTP_Download_Test\FTP_Download_Test.vcxproj", "{DBD35793-7D3F-4AEB-928B-1AE8FB6C4998}"
EndProject
Global
	GlobalSection(SolutionConfigurationPlatforms) = preSolution
		Debug|Win32 = Debug|Win32
		Release|Win32 = Release|Win32
	EndGlobalSection
	GlobalSection(ProjectConfigurationPlatforms) = postSolution
		{DBD35793-7D3F-4AEB-928B-1AE8FB6C4998}.Debug|Win32.ActiveCfg = Debug|Win32
		{DBD35793-7D3F-4AEB-928B-1AE8FB6C4998}.Debug|Win32.Build.0 = Debug|Win32
		{DBD35793-7D3F-4AEB-928B-1AE8FB6C4998}.Release|Win32.ActiveCfg = Release|Win32
		{DBD35793-7D3F-4AEB-928B-1AE8FB6C4998}.Release|Win32.Build.0 = Release|Win32
	EndGlobalSection
	GlobalSection(SolutionProperties) = preSolution
		HideSolutionNode = FALSE
	EndGlobalSection
EndGlobal
